
Microsoft Visual Studio Solution File, Format Version 12.00
# Visual Studio 14
VisualStudioVersion = 14.0.23107.0
MinimumVisualStudioVersion = 10.0.40219.1
Project("{FAE04EC0-301F-11D3-BF4B-00C04F79EFBC}") = "Demo 8", "Demo 8\Demo 8.csproj", "{76D273E1-91BC-4ED7-8A0C-B3E01C7FA4C6}"
EndProject
Project("{FAE04EC0-301F-11D3-BF4B-00C04F79EFBC}") = "Demo 8Tests", "Demo 8Tests\Demo 8Tests.csproj", "{72553846-51B7-4877-B952-A04921D390B9}"
EndProject
Project("{FAE04EC0-301F-11D3-BF4B-00C04F79EFBC}") = "Excercise 1", "Excercise 1\Excercise 1.csproj", "{23778DF0-83B0-4CCA-9761-41CC81FE6AD0}"
EndProject
Project("{FAE04EC0-301F-11D3-BF4B-00C04F79EFBC}") = "Excercise 2", "Excercise 2\Excercise 2.csproj", "{66C618DA-D6B2-4882-B4D1-BA7717E41B50}"
EndProject
Project("{FAE04EC0-301F-11D3-BF4B-00C04F79EFBC}") = "Excercise 5", "Excercise 5\Excercise 5.csproj", "{B19819D0-DF24-43A7-8721-718D209A2ED6}"
EndProject
Project("{FAE04EC0-301F-11D3-BF4B-00C04F79EFBC}") = "Excercise 5Tests", "Excercise 5Tests\Excercise 5Tests.csproj", "{D12BC1AC-C0F0-4381-B014-560E55045D7C}"
EndProject
Project("{FAE04EC0-301F-11D3-BF4B-00C04F79EFBC}") = "Excercise 6", "Excercise 6\Excercise 6.csproj", "{1686186F-92A5-4966-9ECF-CA03F11A1934}"
EndProject
Project("{FAE04EC0-301F-11D3-BF4B-00C04F79EFBC}") = "Excercise 6Tests1", "Excercise 6Tests1\Excercise 6Tests1.csproj", "{9C7D69DA-C04B-4B95-8744-DCB47FE04B3D}"
EndProject
Global
	GlobalSection(SolutionConfigurationPlatforms) = preSolution
		Debug|Any CPU = Debug|Any CPU
		Release|Any CPU = Release|Any CPU
	EndGlobalSection
	GlobalSection(ProjectConfigurationPlatforms) = postSolution
		{76D273E1-91BC-4ED7-8A0C-B3E01C7FA4C6}.Debug|Any CPU.ActiveCfg = Debug|Any CPU
		{76D273E1-91BC-4ED7-8A0C-B3E01C7FA4C6}.Debug|Any CPU.Build.0 = Debug|Any CPU
		{76D273E1-91BC-4ED7-8A0C-B3E01C7FA4C6}.Release|Any CPU.ActiveCfg = Release|Any CPU
		{76D273E1-91BC-4ED7-8A0C-B3E01C7FA4C6}.Release|Any CPU.Build.0 = Release|Any CPU
		{72553846-51B7-4877-B952-A04921D390B9}.Debug|Any CPU.ActiveCfg = Debug|Any CPU
		{72553846-51B7-4877-B952-A04921D390B9}.Debug|Any CPU.Build.0 = Debug|Any CPU
		{72553846-51B7-4877-B952-A04921D390B9}.Release|Any CPU.ActiveCfg = Release|Any CPU
		{72553846-51B7-4877-B952-A04921D390B9}.Release|Any CPU.Build.0 = Release|Any CPU
		{23778DF0-83B0-4CCA-9761-41CC81FE6AD0}.Debug|Any CPU.ActiveCfg = Debug|Any CPU
		{23778DF0-83B0-4CCA-9761-41CC81FE6AD0}.Debug|Any CPU.Build.0 = Debug|Any CPU
		{23778DF0-83B0-4CCA-9761-41CC81FE6AD0}.Release|Any CPU.ActiveCfg = Release|Any CPU
		{23778DF0-83B0-4CCA-9761-41CC81FE6AD0}.Release|Any CPU.Build.0 = Release|Any CPU
		{66C618DA-D6B2-4882-B4D1-BA7717E41B50}.Debug|Any CPU.ActiveCfg = Debug|Any CPU
		{66C618DA-D6B2-4882-B4D1-BA7717E41B50}.Debug|Any CPU.Build.0 = Debug|Any CPU
		{66C618DA-D6B2-4882-B4D1-BA7717E41B50}.Release|Any CPU.ActiveCfg = Release|Any CPU
		{66C618DA-D6B2-4882-B4D1-BA7717E41B50}.Release|Any CPU.Build.0 = Release|Any CPU
		{B19819D0-DF24-43A7-8721-718D209A2ED6}.Debug|Any CPU.ActiveCfg = Debug|Any CPU
		{B19819D0-DF24-43A7-8721-718D209A2ED6}.Debug|Any CPU.Build.0 = Debug|Any CPU
		{B19819D0-DF24-43A7-8721-718D209A2ED6}.Release|Any CPU.ActiveCfg = Release|Any CPU
		{B19819D0-DF24-43A7-8721-718D209A2ED6}.Release|Any CPU.Build.0 = Release|Any CPU
		{D12BC1AC-C0F0-4381-B014-560E55045D7C}.Debug|Any CPU.ActiveCfg = Debug|Any CPU
		{D12BC1AC-C0F0-4381-B014-560E55045D7C}.Debug|Any CPU.Build.0 = Debug|Any CPU
		{D12BC1AC-C0F0-4381-B014-560E55045D7C}.Release|Any CPU.ActiveCfg = Release|Any CPU
		{D12BC1AC-C0F0-4381-B014-560E55045D7C}.Release|Any CPU.Build.0 = Release|Any CPU
		{1686186F-92A5-4966-9ECF-CA03F11A1934}.Debug|Any CPU.ActiveCfg = Debug|Any CPU
		{1686186F-92A5-4966-9ECF-CA03F11A1934}.Debug|Any CPU.Build.0 = Debug|Any CPU
		{1686186F-92A5-4966-9ECF-CA03F11A1934}.Release|Any CPU.ActiveCfg = Release|Any CPU
		{1686186F-92A5-4966-9ECF-CA03F11A1934}.Release|Any CPU.Build.0 = Release|Any CPU
		{9C7D69DA-C04B-4B95-8744-DCB47FE04B3D}.Debug|Any CPU.ActiveCfg = Debug|Any CPU
		{9C7D69DA-C04B-4B95-8744-DCB47FE04B3D}.Debug|Any CPU.Build.0 = Debug|Any CPU
		{9C7D69DA-C04B-4B95-8744-DCB47FE04B3D}.Release|Any CPU.ActiveCfg = Release|Any CPU
		{9C7D69DA-C04B-4B95-8744-DCB47FE04B3D}.Release|Any CPU.Build.0 = Release|Any CPU
	EndGlobalSection
	GlobalSection(SolutionProperties) = preSolution
		HideSolutionNode = FALSE
	EndGlobalSection
EndGlobal
